
Microsoft Visual Studio Solution File, Format Version 12.00
# Visual Studio Version 16
VisualStudioVersion = 16.0.30804.86
MinimumVisualStudioVersion = 10.0.40219.1
Project("{FAE04EC0-301F-11D3-BF4B-00C04F79EFBC}") = "Matris", "Matris\Matris.csproj", "{93E10D4F-046D-4666-84C1-87C79C6CA59A}"
EndProject
Global
	GlobalSection(SolutionConfigurationPlatforms) = preSolution
		Debug|Any CPU = Debug|Any CPU
		Release|Any CPU = Release|Any CPU
	EndGlobalSection
	GlobalSection(ProjectConfigurationPlatforms) = postSolution
		{93E10D4F-046D-4666-84C1-87C79C6CA59A}.Debug|Any CPU.ActiveCfg = Debug|Any CPU
		{93E10D4F-046D-4666-84C1-87C79C6CA59A}.Debug|Any CPU.Build.0 = Debug|Any CPU
		{93E10D4F-046D-4666-84C1-87C79C6CA59A}.Release|Any CPU.ActiveCfg = Release|Any CPU
		{93E10D4F-046D-4666-84C1-87C79C6CA59A}.Release|Any CPU.Build.0 = Release|Any CPU
	EndGlobalSection
	GlobalSection(SolutionProperties) = preSolution
		HideSolutionNode = FALSE
	EndGlobalSection
	GlobalSection(ExtensibilityGlobals) = postSolution
		SolutionGuid = {428D0BC4-8ED1-4032-9775-9BFB12E3486A}
	EndGlobalSection
EndGlobal
